
Microsoft Visual Studio Solution File, Format Version 12.00
# Visual Studio Version 17
VisualStudioVersion = 17.9.34616.47
MinimumVisualStudioVersion = 10.0.40219.1
Project("{9A19103F-16F7-4668-BE54-9A1E7A4F7556}") = "Coffee.WebUI", "Coffee.WebUI\Coffee.WebUI.csproj", "{27ED69BE-1765-46B6-AE5F-23A5FCD21165}"
EndProject
Project("{9A19103F-16F7-4668-BE54-9A1E7A4F7556}") = "Coffee.DATA", "Coffee.DATA\Coffee.DATA.csproj", "{269418B5-A6FE-4348-841E-DD030AF53EBA}"
EndProject
Global
	GlobalSection(SolutionConfigurationPlatforms) = preSolution
		Debug|Any CPU = Debug|Any CPU
		Release|Any CPU = Release|Any CPU
	EndGlobalSection
	GlobalSection(ProjectConfigurationPlatforms) = postSolution
		{27ED69BE-1765-46B6-AE5F-23A5FCD21165}.Debug|Any CPU.ActiveCfg = Debug|Any CPU
		{27ED69BE-1765-46B6-AE5F-23A5FCD21165}.Debug|Any CPU.Build.0 = Debug|Any CPU
		{27ED69BE-1765-46B6-AE5F-23A5FCD21165}.Release|Any CPU.ActiveCfg = Release|Any CPU
		{27ED69BE-1765-46B6-AE5F-23A5FCD21165}.Release|Any CPU.Build.0 = Release|Any CPU
		{269418B5-A6FE-4348-841E-DD030AF53EBA}.Debug|Any CPU.ActiveCfg = Debug|Any CPU
		{269418B5-A6FE-4348-841E-DD030AF53EBA}.Debug|Any CPU.Build.0 = Debug|Any CPU
		{269418B5-A6FE-4348-841E-DD030AF53EBA}.Release|Any CPU.ActiveCfg = Release|Any CPU
		{269418B5-A6FE-4348-841E-DD030AF53EBA}.Release|Any CPU.Build.0 = Release|Any CPU
	EndGlobalSection
	GlobalSection(SolutionProperties) = preSolution
		HideSolutionNode = FALSE
	EndGlobalSection
	GlobalSection(ExtensibilityGlobals) = postSolution
		SolutionGuid = {896B15B0-E494-4476-BD55-7D4033A7078A}
	EndGlobalSection
EndGlobal
